
Microsoft Visual Studio Solution File, Format Version 12.00
# Visual Studio 14
VisualStudioVersion = 14.0.23107.0
MinimumVisualStudioVersion = 10.0.40219.1
Project("{FAE04EC0-301F-11D3-BF4B-00C04F79EFBC}") = "TeamExplorer.Common", "TeamExplorer.Common\TeamExplorer.Common.csproj", "{388AC013-C628-4A32-ABBC-A28A68C3A112}"
EndProject
Project("{FAE04EC0-301F-11D3-BF4B-00C04F79EFBC}") = "GitWrapper", "GitWrapper\GitWrapper.csproj", "{3835615A-A669-455A-8BDC-3F23F390443E}"
EndProject
Project("{FAE04EC0-301F-11D3-BF4B-00C04F79EFBC}") = "GitStashTest", "GitStashTest\GitStashTest.csproj", "{A5E30886-5711-42BE-9211-C1D9911A92D9}"
EndProject
Project("{FAE04EC0-301F-11D3-BF4B-00C04F79EFBC}") = "GitStash", "GitStash\GitStash.csproj", "{6C22F70F-ED3A-45F8-9D30-23F48E13E75A}"
EndProject
Project("{2150E333-8FDC-42A3-9474-1A3956D46DE8}") = "UnitTestMetrics", "UnitTestMetrics", "{74EBB0E3-E5FC-476F-8661-D9A8FDA9CADA}"
	ProjectSection(SolutionItems) = preProject
		Coverage.runsettings = Coverage.runsettings
		GenerateUnitTestMetrics.bat = GenerateUnitTestMetrics.bat
	EndProjectSection
EndProject
Project("{FAE04EC0-301F-11D3-BF4B-00C04F79EFBC}") = "GitStash.ViewModels", "GitStash.ViewModels\GitStash.ViewModels.csproj", "{A80D441B-DAA0-431D-AFFA-C4B900B9EF64}"
EndProject
Project("{FAE04EC0-301F-11D3-BF4B-00C04F79EFBC}") = "GitStash.Common", "GitStash.Common\GitStash.Common.csproj", "{956E2932-C013-49C2-8AAC-40A4B674CE75}"
EndProject
Project("{2150E333-8FDC-42A3-9474-1A3956D46DE8}") = "Build", "Build", "{D9651DC8-8031-44FA-9118-FCFEF9AAEDD9}"
	ProjectSection(SolutionItems) = preProject
		SharedAssemblyInfo.cs = SharedAssemblyInfo.cs
	EndProjectSection
EndProject
Global
	GlobalSection(SolutionConfigurationPlatforms) = preSolution
		Debug|Any CPU = Debug|Any CPU
		Release|Any CPU = Release|Any CPU
		VS2013|Any CPU = VS2013|Any CPU
		VS2015 Debug|Any CPU = VS2015 Debug|Any CPU
		VS2015|Any CPU = VS2015|Any CPU
	EndGlobalSection
	GlobalSection(ProjectConfigurationPlatforms) = postSolution
		{388AC013-C628-4A32-ABBC-A28A68C3A112}.Debug|Any CPU.ActiveCfg = Debug|Any CPU
		{388AC013-C628-4A32-ABBC-A28A68C3A112}.Debug|Any CPU.Build.0 = Debug|Any CPU
		{388AC013-C628-4A32-ABBC-A28A68C3A112}.Release|Any CPU.ActiveCfg = Release|Any CPU
		{388AC013-C628-4A32-ABBC-A28A68C3A112}.Release|Any CPU.Build.0 = Release|Any CPU
		{388AC013-C628-4A32-ABBC-A28A68C3A112}.VS2013|Any CPU.ActiveCfg = VS2013|Any CPU
		{388AC013-C628-4A32-ABBC-A28A68C3A112}.VS2013|Any CPU.Build.0 = VS2013|Any CPU
		{388AC013-C628-4A32-ABBC-A28A68C3A112}.VS2015 Debug|Any CPU.ActiveCfg = VS2015 Debug|Any CPU
		{388AC013-C628-4A32-ABBC-A28A68C3A112}.VS2015 Debug|Any CPU.Build.0 = VS2015 Debug|Any CPU
		{388AC013-C628-4A32-ABBC-A28A68C3A112}.VS2015|Any CPU.ActiveCfg = VS2015|Any CPU
		{388AC013-C628-4A32-ABBC-A28A68C3A112}.VS2015|Any CPU.Build.0 = VS2015|Any CPU
		{3835615A-A669-455A-8BDC-3F23F390443E}.Debug|Any CPU.ActiveCfg = Debug|Any CPU
		{3835615A-A669-455A-8BDC-3F23F390443E}.Debug|Any CPU.Build.0 = Debug|Any CPU
		{3835615A-A669-455A-8BDC-3F23F390443E}.Release|Any CPU.ActiveCfg = Release|Any CPU
		{3835615A-A669-455A-8BDC-3F23F390443E}.Release|Any CPU.Build.0 = Release|Any CPU
		{3835615A-A669-455A-8BDC-3F23F390443E}.VS2013|Any CPU.ActiveCfg = Release|Any CPU
		{3835615A-A669-455A-8BDC-3F23F390443E}.VS2013|Any CPU.Build.0 = Release|Any CPU
		{3835615A-A669-455A-8BDC-3F23F390443E}.VS2015 Debug|Any CPU.ActiveCfg = Debug|Any CPU
		{3835615A-A669-455A-8BDC-3F23F390443E}.VS2015 Debug|Any CPU.Build.0 = Debug|Any CPU
		{3835615A-A669-455A-8BDC-3F23F390443E}.VS2015|Any CPU.ActiveCfg = Release|Any CPU
		{3835615A-A669-455A-8BDC-3F23F390443E}.VS2015|Any CPU.Build.0 = Release|Any CPU
		{A5E30886-5711-42BE-9211-C1D9911A92D9}.Debug|Any CPU.ActiveCfg = Debug|Any CPU
		{A5E30886-5711-42BE-9211-C1D9911A92D9}.Debug|Any CPU.Build.0 = Debug|Any CPU
		{A5E30886-5711-42BE-9211-C1D9911A92D9}.Release|Any CPU.ActiveCfg = Release|Any CPU
		{A5E30886-5711-42BE-9211-C1D9911A92D9}.Release|Any CPU.Build.0 = Release|Any CPU
		{A5E30886-5711-42BE-9211-C1D9911A92D9}.VS2013|Any CPU.ActiveCfg = Release|Any CPU
		{A5E30886-5711-42BE-9211-C1D9911A92D9}.VS2013|Any CPU.Build.0 = Release|Any CPU
		{A5E30886-5711-42BE-9211-C1D9911A92D9}.VS2015 Debug|Any CPU.ActiveCfg = Debug|Any CPU
		{A5E30886-5711-42BE-9211-C1D9911A92D9}.VS2015 Debug|Any CPU.Build.0 = Debug|Any CPU
		{A5E30886-5711-42BE-9211-C1D9911A92D9}.VS2015|Any CPU.ActiveCfg = Release|Any CPU
		{A5E30886-5711-42BE-9211-C1D9911A92D9}.VS2015|Any CPU.Build.0 = Release|Any CPU
		{6C22F70F-ED3A-45F8-9D30-23F48E13E75A}.Debug|Any CPU.ActiveCfg = Debug|Any CPU
		{6C22F70F-ED3A-45F8-9D30-23F48E13E75A}.Debug|Any CPU.Build.0 = Debug|Any CPU
		{6C22F70F-ED3A-45F8-9D30-23F48E13E75A}.Release|Any CPU.ActiveCfg = Release|Any CPU
		{6C22F70F-ED3A-45F8-9D30-23F48E13E75A}.Release|Any CPU.Build.0 = Release|Any CPU
		{6C22F70F-ED3A-45F8-9D30-23F48E13E75A}.VS2013|Any CPU.ActiveCfg = Release|Any CPU
		{6C22F70F-ED3A-45F8-9D30-23F48E13E75A}.VS2013|Any CPU.Build.0 = Release|Any CPU
		{6C22F70F-ED3A-45F8-9D30-23F48E13E75A}.VS2015 Debug|Any CPU.ActiveCfg = Debug|Any CPU
		{6C22F70F-ED3A-45F8-9D30-23F48E13E75A}.VS2015 Debug|Any CPU.Build.0 = Debug|Any CPU
		{6C22F70F-ED3A-45F8-9D30-23F48E13E75A}.VS2015|Any CPU.ActiveCfg = Release|Any CPU
		{6C22F70F-ED3A-45F8-9D30-23F48E13E75A}.VS2015|Any CPU.Build.0 = Release|Any CPU
		{A80D441B-DAA0-431D-AFFA-C4B900B9EF64}.Debug|Any CPU.ActiveCfg = Debug|Any CPU
		{A80D441B-DAA0-431D-AFFA-C4B900B9EF64}.Debug|Any CPU.Build.0 = Debug|Any CPU
		{A80D441B-DAA0-431D-AFFA-C4B900B9EF64}.Release|Any CPU.ActiveCfg = Release|Any CPU
		{A80D441B-DAA0-431D-AFFA-C4B900B9EF64}.Release|Any CPU.Build.0 = Release|Any CPU
		{A80D441B-DAA0-431D-AFFA-C4B900B9EF64}.VS2013|Any CPU.ActiveCfg = Release|Any CPU
		{A80D441B-DAA0-431D-AFFA-C4B900B9EF64}.VS2013|Any CPU.Build.0 = Release|Any CPU
		{A80D441B-DAA0-431D-AFFA-C4B900B9EF64}.VS2015 Debug|Any CPU.ActiveCfg = Debug|Any CPU
		{A80D441B-DAA0-431D-AFFA-C4B900B9EF64}.VS2015 Debug|Any CPU.Build.0 = Debug|Any CPU
		{A80D441B-DAA0-431D-AFFA-C4B900B9EF64}.VS2015|Any CPU.ActiveCfg = Release|Any CPU
		{A80D441B-DAA0-431D-AFFA-C4B900B9EF64}.VS2015|Any CPU.Build.0 = Release|Any CPU
		{956E2932-C013-49C2-8AAC-40A4B674CE75}.Debug|Any CPU.ActiveCfg = Debug|Any CPU
		{956E2932-C013-49C2-8AAC-40A4B674CE75}.Debug|Any CPU.Build.0 = Debug|Any CPU
		{956E2932-C013-49C2-8AAC-40A4B674CE75}.Release|Any CPU.ActiveCfg = Release|Any CPU
		{956E2932-C013-49C2-8AAC-40A4B674CE75}.Release|Any CPU.Build.0 = Release|Any CPU
		{956E2932-C013-49C2-8AAC-40A4B674CE75}.VS2013|Any CPU.ActiveCfg = Release|Any CPU
		{956E2932-C013-49C2-8AAC-40A4B674CE75}.VS2013|Any CPU.Build.0 = Release|Any CPU
		{956E2932-C013-49C2-8AAC-40A4B674CE75}.VS2015 Debug|Any CPU.ActiveCfg = Debug|Any CPU
		{956E2932-C013-49C2-8AAC-40A4B674CE75}.VS2015 Debug|Any CPU.Build.0 = Debug|Any CPU
		{956E2932-C013-49C2-8AAC-40A4B674CE75}.VS2015|Any CPU.ActiveCfg = Release|Any CPU
		{956E2932-C013-49C2-8AAC-40A4B674CE75}.VS2015|Any CPU.Build.0 = Release|Any CPU
	EndGlobalSection
	GlobalSection(SolutionProperties) = preSolution
		HideSolutionNode = FALSE
	EndGlobalSection
EndGlobal
